
Microsoft Visual Studio Solution File, Format Version 12.00
# Visual Studio Version 16
VisualStudioVersion = 16.0.32002.261
MinimumVisualStudioVersion = 10.0.40219.1
Project("{FAE04EC0-301F-11D3-BF4B-00C04F79EFBC}") = "AutoFacDemo", "AutoFacDemo\AutoFacDemo.csproj", "{05B40754-22DC-4861-B767-A6679C1153B2}"
EndProject
Project("{FAE04EC0-301F-11D3-BF4B-00C04F79EFBC}") = "AutoFacDemo.Business", "AutoFacDemo.Business\AutoFacDemo.Business.csproj", "{81593221-FACA-471B-9854-A3F9367BBC29}"
EndProject
Global
	GlobalSection(SolutionConfigurationPlatforms) = preSolution
		Debug|Any CPU = Debug|Any CPU
		Release|Any CPU = Release|Any CPU
	EndGlobalSection
	GlobalSection(ProjectConfigurationPlatforms) = postSolution
		{05B40754-22DC-4861-B767-A6679C1153B2}.Debug|Any CPU.ActiveCfg = Debug|Any CPU
		{05B40754-22DC-4861-B767-A6679C1153B2}.Debug|Any CPU.Build.0 = Debug|Any CPU
		{05B40754-22DC-4861-B767-A6679C1153B2}.Release|Any CPU.ActiveCfg = Release|Any CPU
		{05B40754-22DC-4861-B767-A6679C1153B2}.Release|Any CPU.Build.0 = Release|Any CPU
		{81593221-FACA-471B-9854-A3F9367BBC29}.Debug|Any CPU.ActiveCfg = Debug|Any CPU
		{81593221-FACA-471B-9854-A3F9367BBC29}.Debug|Any CPU.Build.0 = Debug|Any CPU
		{81593221-FACA-471B-9854-A3F9367BBC29}.Release|Any CPU.ActiveCfg = Release|Any CPU
		{81593221-FACA-471B-9854-A3F9367BBC29}.Release|Any CPU.Build.0 = Release|Any CPU
	EndGlobalSection
	GlobalSection(SolutionProperties) = preSolution
		HideSolutionNode = FALSE
	EndGlobalSection
	GlobalSection(ExtensibilityGlobals) = postSolution
		SolutionGuid = {6EB00092-90E5-4799-A025-E84773C1B450}
	EndGlobalSection
EndGlobal
